
Microsoft Visual Studio Solution File, Format Version 12.00
# Visual Studio Version 16
VisualStudioVersion = 16.0.29806.167
MinimumVisualStudioVersion = 10.0.40219.1
Project("{FAE04EC0-301F-11D3-BF4B-00C04F79EFBC}") = "Ejercicio07_Vilchez.Android", "Ejercicio07_Vilchez.Android\Ejercicio07_Vilchez.Android.csproj", "{9EF076B2-680E-4013-9C39-2C71BAC5C804}"
EndProject
Project("{FAE04EC0-301F-11D3-BF4B-00C04F79EFBC}") = "Ejercicio07_Vilchez.iOS", "Ejercicio07_Vilchez.iOS\Ejercicio07_Vilchez.iOS.csproj", "{4F5E9AA7-C2C3-44FA-902E-1586548C9924}"
EndProject
Project("{FAE04EC0-301F-11D3-BF4B-00C04F79EFBC}") = "Ejercicio07_Vilchez", "Ejercicio07_Vilchez\Ejercicio07_Vilchez.csproj", "{3CA7B414-0672-4094-AB78-6AAC758831E7}"
EndProject
Global
	GlobalSection(SolutionConfigurationPlatforms) = preSolution
		Debug|Any CPU = Debug|Any CPU
		Debug|iPhone = Debug|iPhone
		Debug|iPhoneSimulator = Debug|iPhoneSimulator
		Release|Any CPU = Release|Any CPU
		Release|iPhone = Release|iPhone
		Release|iPhoneSimulator = Release|iPhoneSimulator
	EndGlobalSection
	GlobalSection(ProjectConfigurationPlatforms) = postSolution
		{9EF076B2-680E-4013-9C39-2C71BAC5C804}.Debug|Any CPU.ActiveCfg = Debug|Any CPU
		{9EF076B2-680E-4013-9C39-2C71BAC5C804}.Debug|Any CPU.Build.0 = Debug|Any CPU
		{9EF076B2-680E-4013-9C39-2C71BAC5C804}.Debug|Any CPU.Deploy.0 = Debug|Any CPU
		{9EF076B2-680E-4013-9C39-2C71BAC5C804}.Debug|iPhone.ActiveCfg = Debug|Any CPU
		{9EF076B2-680E-4013-9C39-2C71BAC5C804}.Debug|iPhone.Build.0 = Debug|Any CPU
		{9EF076B2-680E-4013-9C39-2C71BAC5C804}.Debug|iPhone.Deploy.0 = Debug|Any CPU
		{9EF076B2-680E-4013-9C39-2C71BAC5C804}.Debug|iPhoneSimulator.ActiveCfg = Debug|Any CPU
		{9EF076B2-680E-4013-9C39-2C71BAC5C804}.Debug|iPhoneSimulator.Build.0 = Debug|Any CPU
		{9EF076B2-680E-4013-9C39-2C71BAC5C804}.Debug|iPhoneSimulator.Deploy.0 = Debug|Any CPU
		{9EF076B2-680E-4013-9C39-2C71BAC5C804}.Release|Any CPU.ActiveCfg = Release|Any CPU
		{9EF076B2-680E-4013-9C39-2C71BAC5C804}.Release|Any CPU.Build.0 = Release|Any CPU
		{9EF076B2-680E-4013-9C39-2C71BAC5C804}.Release|Any CPU.Deploy.0 = Release|Any CPU
		{9EF076B2-680E-4013-9C39-2C71BAC5C804}.Release|iPhone.ActiveCfg = Release|Any CPU
		{9EF076B2-680E-4013-9C39-2C71BAC5C804}.Release|iPhone.Build.0 = Release|Any CPU
		{9EF076B2-680E-4013-9C39-2C71BAC5C804}.Release|iPhone.Deploy.0 = Release|Any CPU
		{9EF076B2-680E-4013-9C39-2C71BAC5C804}.Release|iPhoneSimulator.ActiveCfg = Release|Any CPU
		{9EF076B2-680E-4013-9C39-2C71BAC5C804}.Release|iPhoneSimulator.Build.0 = Release|Any CPU
		{9EF076B2-680E-4013-9C39-2C71BAC5C804}.Release|iPhoneSimulator.Deploy.0 = Release|Any CPU
		{4F5E9AA7-C2C3-44FA-902E-1586548C9924}.Debug|Any CPU.ActiveCfg = Debug|iPhoneSimulator
		{4F5E9AA7-C2C3-44FA-902E-1586548C9924}.Debug|Any CPU.Build.0 = Debug|iPhoneSimulator
		{4F5E9AA7-C2C3-44FA-902E-1586548C9924}.Debug|Any CPU.Deploy.0 = Debug|iPhoneSimulator
		{4F5E9AA7-C2C3-44FA-902E-1586548C9924}.Debug|iPhone.ActiveCfg = Debug|iPhone
		{4F5E9AA7-C2C3-44FA-902E-1586548C9924}.Debug|iPhone.Build.0 = Debug|iPhone
		{4F5E9AA7-C2C3-44FA-902E-1586548C9924}.Debug|iPhone.Deploy.0 = Debug|iPhone
		{4F5E9AA7-C2C3-44FA-902E-1586548C9924}.Debug|iPhoneSimulator.ActiveCfg = Debug|iPhoneSimulator
		{4F5E9AA7-C2C3-44FA-902E-1586548C9924}.Debug|iPhoneSimulator.Build.0 = Debug|iPhoneSimulator
		{4F5E9AA7-C2C3-44FA-902E-1586548C9924}.Debug|iPhoneSimulator.Deploy.0 = Debug|iPhoneSimulator
		{4F5E9AA7-C2C3-44FA-902E-1586548C9924}.Release|Any CPU.ActiveCfg = Release|iPhone
		{4F5E9AA7-C2C3-44FA-902E-1586548C9924}.Release|Any CPU.Build.0 = Release|iPhone
		{4F5E9AA7-C2C3-44FA-902E-1586548C9924}.Release|Any CPU.Deploy.0 = Release|iPhone
		{4F5E9AA7-C2C3-44FA-902E-1586548C9924}.Release|iPhone.ActiveCfg = Release|iPhone
		{4F5E9AA7-C2C3-44FA-902E-1586548C9924}.Release|iPhone.Build.0 = Release|iPhone
		{4F5E9AA7-C2C3-44FA-902E-1586548C9924}.Release|iPhone.Deploy.0 = Release|iPhone
		{4F5E9AA7-C2C3-44FA-902E-1586548C9924}.Release|iPhoneSimulator.ActiveCfg = Release|iPhoneSimulator
		{4F5E9AA7-C2C3-44FA-902E-1586548C9924}.Release|iPhoneSimulator.Build.0 = Release|iPhoneSimulator
		{4F5E9AA7-C2C3-44FA-902E-1586548C9924}.Release|iPhoneSimulator.Deploy.0 = Release|iPhoneSimulator
		{3CA7B414-0672-4094-AB78-6AAC758831E7}.Debug|Any CPU.ActiveCfg = Debug|Any CPU
		{3CA7B414-0672-4094-AB78-6AAC758831E7}.Debug|Any CPU.Build.0 = Debug|Any CPU
		{3CA7B414-0672-4094-AB78-6AAC758831E7}.Debug|Any CPU.Deploy.0 = Debug|Any CPU
		{3CA7B414-0672-4094-AB78-6AAC758831E7}.Debug|iPhone.ActiveCfg = Debug|Any CPU
		{3CA7B414-0672-4094-AB78-6AAC758831E7}.Debug|iPhone.Build.0 = Debug|Any CPU
		{3CA7B414-0672-4094-AB78-6AAC758831E7}.Debug|iPhone.Deploy.0 = Debug|Any CPU
		{3CA7B414-0672-4094-AB78-6AAC758831E7}.Debug|iPhoneSimulator.ActiveCfg = Debug|Any CPU
		{3CA7B414-0672-4094-AB78-6AAC758831E7}.Debug|iPhoneSimulator.Build.0 = Debug|Any CPU
		{3CA7B414-0672-4094-AB78-6AAC758831E7}.Debug|iPhoneSimulator.Deploy.0 = Debug|Any CPU
		{3CA7B414-0672-4094-AB78-6AAC758831E7}.Release|Any CPU.ActiveCfg = Release|Any CPU
		{3CA7B414-0672-4094-AB78-6AAC758831E7}.Release|Any CPU.Build.0 = Release|Any CPU
		{3CA7B414-0672-4094-AB78-6AAC758831E7}.Release|Any CPU.Deploy.0 = Release|Any CPU
		{3CA7B414-0672-4094-AB78-6AAC758831E7}.Release|iPhone.ActiveCfg = Release|Any CPU
		{3CA7B414-0672-4094-AB78-6AAC758831E7}.Release|iPhone.Build.0 = Release|Any CPU
		{3CA7B414-0672-4094-AB78-6AAC758831E7}.Release|iPhone.Deploy.0 = Release|Any CPU
		{3CA7B414-0672-4094-AB78-6AAC758831E7}.Release|iPhoneSimulator.ActiveCfg = Release|Any CPU
		{3CA7B414-0672-4094-AB78-6AAC758831E7}.Release|iPhoneSimulator.Build.0 = Release|Any CPU
		{3CA7B414-0672-4094-AB78-6AAC758831E7}.Release|iPhoneSimulator.Deploy.0 = Release|Any CPU
	EndGlobalSection
	GlobalSection(SolutionProperties) = preSolution
		HideSolutionNode = FALSE
	EndGlobalSection
	GlobalSection(ExtensibilityGlobals) = postSolution
		SolutionGuid = {4D03E3ED-9024-4140-8F68-68CE6F7D5E6C}
	EndGlobalSection
EndGlobal
